// !$*UTF8*$!
{
	archiveVersion = 1;
	classes = {
	};
	objectVersion = 46;
	objects = {

/* Begin PBXBuildFile section */
		049DD9BB1B2AC67100B6FC72 /* main.m in Sources */ = {isa = PBXBuildFile; fileRef = 049DD9BA1B2AC67100B6FC72 /* main.m */; };
		049DD9BE1B2AC67100B6FC72 /* AppDelegate.m in Sources */ = {isa = PBXBuildFile; fileRef = 049DD9BD1B2AC67100B6FC72 /* AppDelegate.m */; };
		049DD9C11B2AC67100B6FC72 /* ViewController.m in Sources */ = {isa = PBXBuildFile; fileRef = 049DD9C01B2AC67100B6FC72 /* ViewController.m */; };
		049DD9C41B2AC67100B6FC72 /* Main.storyboard in Resources */ = {isa = PBXBuildFile; fileRef = 049DD9C21B2AC67100B6FC72 /* Main.storyboard */; };
		049DD9C61B2AC67100B6FC72 /* Images.xcassets in Resources */ = {isa = PBXBuildFile; fileRef = 049DD9C51B2AC67100B6FC72 /* Images.xcassets */; };
		049DD9C91B2AC67100B6FC72 /* LaunchScreen.xib in Resources */ = {isa = PBXBuildFile; fileRef = 049DD9C71B2AC67100B6FC72 /* LaunchScreen.xib */; };
		049DD9D51B2AC67100B6FC72 /* MRTableViewDemoTests.m in Sources */ = {isa = PBXBuildFile; fileRef = 049DD9D41B2AC67100B6FC72 /* MRTableViewDemoTests.m */; };
		049DD9E01B2AC68900B6FC72 /* MRTableView.m in Sources */ = {isa = PBXBuildFile; fileRef = 049DD9DF1B2AC68900B6FC72 /* MRTableView.m */; };
		049DD9E21B2AC94600B6FC72 /* parallax.png in Resources */ = {isa = PBXBuildFile; fileRef = 049DD9E11B2AC94600B6FC72 /* parallax.png */; };
		049DD9E41B2AC95500B6FC72 /* portrait.png in Resources */ = {isa = PBXBuildFile; fileRef = 049DD9E31B2AC95500B6FC72 /* portrait.png */; };
/* End PBXBuildFile section */

/* Begin PBXContainerItemProxy section */
		049DD9CF1B2AC67100B6FC72 /* PBXContainerItemProxy */ = {
			isa = PBXContainerItemProxy;
			containerPortal = 049DD9AD1B2AC67100B6FC72 /* Project object */;
			proxyType = 1;
			remoteGlobalIDString = 049DD9B41B2AC67100B6FC72;
			remoteInfo = MRTableViewDemo;
		};
/* End PBXContainerItemProxy section */

/* Begin PBXFileReference section */
		049DD9B51B2AC67100B6FC72 /* MRTableViewDemo.app */ = {isa = PBXFileReference; explicitFileType = wrapper.application; includeInIndex = 0; path = MRTableViewDemo.app; sourceTree = BUILT_PRODUCTS_DIR; };
		049DD9B91B2AC67100B6FC72 /* Info.plist */ = {isa = PBXFileReference; lastKnownFileType = text.plist.xml; path = Info.plist; sourceTree = "<group>"; };
		049DD9BA1B2AC67100B6FC72 /* main.m */ = {isa = PBXFileReference; lastKnownFileType = sourcecode.c.objc; path = main.m; sourceTree = "<group>"; };
		049DD9BC1B2AC67100B6FC72 /* AppDelegate.h */ = {isa = PBXFileReference; lastKnownFileType = sourcecode.c.h; path = AppDelegate.h; sourceTree = "<group>"; };
		049DD9BD1B2AC67100B6FC72 /* AppDelegate.m */ = {isa = PBXFileReference; lastKnownFileType = sourcecode.c.objc; path = AppDelegate.m; sourceTree = "<group>"; };
		049DD9BF1B2AC67100B6FC72 /* ViewController.h */ = {isa = PBXFileReference; lastKnownFileType = sourcecode.c.h; path = ViewController.h; sourceTree = "<group>"; };
		049DD9C01B2AC67100B6FC72 /* ViewController.m */ = {isa = PBXFileReference; lastKnownFileType = sourcecode.c.objc; path = ViewController.m; sourceTree = "<group>"; };
		049DD9C31B2AC67100B6FC72 /* Base */ = {isa = PBXFileReference; lastKnownFileType = file.storyboard; name = Base; path = Base.lproj/Main.storyboard; sourceTree = "<group>"; };
		049DD9C51B2AC67100B6FC72 /* Images.xcassets */ = {isa = PBXFileReference; lastKnownFileType = folder.assetcatalog; path = Images.xcassets; sourceTree = "<group>"; };
		049DD9C81B2AC67100B6FC72 /* Base */ = {isa = PBXFileReference; lastKnownFileType = file.xib; name = Base; path = Base.lproj/LaunchScreen.xib; sourceTree = "<group>"; };
		049DD9CE1B2AC67100B6FC72 /* MRTableViewDemoTests.xctest */ = {isa = PBXFileReference; explicitFileType = wrapper.cfbundle; includeInIndex = 0; path = MRTableViewDemoTests.xctest; sourceTree = BUILT_PRODUCTS_DIR; };
		049DD9D31B2AC67100B6FC72 /* Info.plist */ = {isa = PBXFileReference; lastKnownFileType = text.plist.xml; path = Info.plist; sourceTree = "<group>"; };
		049DD9D41B2AC67100B6FC72 /* MRTableViewDemoTests.m */ = {isa = PBXFileReference; lastKnownFileType = sourcecode.c.objc; path = MRTableViewDemoTests.m; sourceTree = "<group>"; };
		049DD9DE1B2AC68900B6FC72 /* MRTableView.h */ = {isa = PBXFileReference; fileEncoding = 4; lastKnownFileType = sourcecode.c.h; path = MRTableView.h; sourceTree = "<group>"; };
		049DD9DF1B2AC68900B6FC72 /* MRTableView.m */ = {isa = PBXFileReference; fileEncoding = 4; lastKnownFileType = sourcecode.c.objc; path = MRTableView.m; sourceTree = "<group>"; };
		049DD9E11B2AC94600B6FC72 /* parallax.png */ = {isa = PBXFileReference; lastKnownFileType = image.png; path = parallax.png; sourceTree = "<group>"; };
		049DD9E31B2AC95500B6FC72 /* portrait.png */ = {isa = PBXFileReference; lastKnownFileType = image.png; path = portrait.png; sourceTree = "<group>"; };
/* End PBXFileReference section */

/* Begin PBXFrameworksBuildPhase section */
		049DD9B21B2AC67100B6FC72 /* Frameworks */ = {
			isa = PBXFrameworksBuildPhase;
			buildActionMask = 2147483647;
			files = (
			);
			runOnlyForDeploymentPostprocessing = 0;
		};
		049DD9CB1B2AC67100B6FC72 /* Frameworks */ = {
			isa = PBXFrameworksBuildPhase;
			buildActionMask = 2147483647;
			files = (
			);
			runOnlyForDeploymentPostprocessing = 0;
		};
/* End PBXFrameworksBuildPhase section */

/* Begin PBXGroup section */
		049DD9AC1B2AC67100B6FC72 = {
			isa = PBXGroup;
			children = (
				049DD9B71B2AC67100B6FC72 /* MRTableViewDemo */,
				049DD9D11B2AC67100B6FC72 /* MRTableViewDemoTests */,
				049DD9B61B2AC67100B6FC72 /* Products */,
			);
			sourceTree = "<group>";
		};
		049DD9B61B2AC67100B6FC72 /* Products */ = {
			isa = PBXGroup;
			children = (
				049DD9B51B2AC67100B6FC72 /* MRTableViewDemo.app */,
				049DD9CE1B2AC67100B6FC72 /* MRTableViewDemoTests.xctest */,
			);
			name = Products;
			sourceTree = "<group>";
		};
		049DD9B71B2AC67100B6FC72 /* MRTableViewDemo */ = {
			isa = PBXGroup;
			children = (
				049DD9BC1B2AC67100B6FC72 /* AppDelegate.h */,
				049DD9BD1B2AC67100B6FC72 /* AppDelegate.m */,
				049DD9BF1B2AC67100B6FC72 /* ViewController.h */,
				049DD9C01B2AC67100B6FC72 /* ViewController.m */,
				049DD9DE1B2AC68900B6FC72 /* MRTableView.h */,
				049DD9DF1B2AC68900B6FC72 /* MRTableView.m */,
				049DD9E11B2AC94600B6FC72 /* parallax.png */,
				049DD9E31B2AC95500B6FC72 /* portrait.png */,
				049DD9C21B2AC67100B6FC72 /* Main.storyboard */,
				049DD9C51B2AC67100B6FC72 /* Images.xcassets */,
				049DD9C71B2AC67100B6FC72 /* LaunchScreen.xib */,
				049DD9B81B2AC67100B6FC72 /* Supporting Files */,
			);
			path = MRTableViewDemo;
			sourceTree = "<group>";
		};
		049DD9B81B2AC67100B6FC72 /* Supporting Files */ = {
			isa = PBXGroup;
			children = (
				049DD9B91B2AC67100B6FC72 /* Info.plist */,
				049DD9BA1B2AC67100B6FC72 /* main.m */,
			);
			name = "Supporting Files";
			sourceTree = "<group>";
		};
		049DD9D11B2AC67100B6FC72 /* MRTableViewDemoTests */ = {
			isa = PBXGroup;
			children = (
				049DD9D41B2AC67100B6FC72 /* MRTableViewDemoTests.m */,
				049DD9D21B2AC67100B6FC72 /* Supporting Files */,
			);
			path = MRTableViewDemoTests;
			sourceTree = "<group>";
		};
		049DD9D21B2AC67100B6FC72 /* Supporting Files */ = {
			isa = PBXGroup;
			children = (
				049DD9D31B2AC67100B6FC72 /* Info.plist */,
			);
			name = "Supporting Files";
			sourceTree = "<group>";
		};
/* End PBXGroup section */

/* Begin PBXNativeTarget section */
		049DD9B41B2AC67100B6FC72 /* MRTableViewDemo */ = {
			isa = PBXNativeTarget;
			buildConfigurationList = 049DD9D81B2AC67100B6FC72 /* Build configuration list for PBXNativeTarget "MRTableViewDemo" */;
			buildPhases = (
				049DD9B11B2AC67100B6FC72 /* Sources */,
				049DD9B21B2AC67100B6FC72 /* Frameworks */,
				049DD9B31B2AC67100B6FC72 /* Resources */,
			);
			buildRules = (
			);
			dependencies = (
			);
			name = MRTableViewDemo;
			productName = MRTableViewDemo;
			productReference = 049DD9B51B2AC67100B6FC72 /* MRTableViewDemo.app */;
			productType = "com.apple.product-type.application";
		};
		049DD9CD1B2AC67100B6FC72 /* MRTableViewDemoTests */ = {
			isa = PBXNativeTarget;
			buildConfigurationList = 049DD9DB1B2AC67100B6FC72 /* Build configuration list for PBXNativeTarget "MRTableViewDemoTests" */;
			buildPhases = (
				049DD9CA1B2AC67100B6FC72 /* Sources */,
				049DD9CB1B2AC67100B6FC72 /* Frameworks */,
				049DD9CC1B2AC67100B6FC72 /* Resources */,
			);
			buildRules = (
			);
			dependencies = (
				049DD9D01B2AC67100B6FC72 /* PBXTargetDependency */,
			);
			name = MRTableViewDemoTests;
			productName = MRTableViewDemoTests;
			productReference = 049DD9CE1B2AC67100B6FC72 /* MRTableViewDemoTests.xctest */;
			productType = "com.apple.product-type.bundle.unit-test";
		};
/* End PBXNativeTarget section */

/* Begin PBXProject section */
		049DD9AD1B2AC67100B6FC72 /* Project object */ = {
			isa = PBXProject;
			attributes = {
				LastUpgradeCheck = 0630;
				ORGANIZATIONNAME = XR;
				TargetAttributes = {
					049DD9B41B2AC67100B6FC72 = {
						CreatedOnToolsVersion = 6.3.1;
					};
					049DD9CD1B2AC67100B6FC72 = {
						CreatedOnToolsVersion = 6.3.1;
						TestTargetID = 049DD9B41B2AC67100B6FC72;
					};
				};
			};
			buildConfigurationList = 049DD9B01B2AC67100B6FC72 /* Build configuration list for PBXProject "MRTableViewDemo" */;
			compatibilityVersion = "Xcode 3.2";
			developmentRegion = English;
			hasScannedForEncodings = 0;
			knownRegions = (
				en,
				Base,
			);
			mainGroup = 049DD9AC1B2AC67100B6FC72;
			productRefGroup = 049DD9B61B2AC67100B6FC72 /* Products */;
			projectDirPath = "";
			projectRoot = "";
			targets = (
				049DD9B41B2AC67100B6FC72 /* MRTableViewDemo */,
				049DD9CD1B2AC67100B6FC72 /* MRTableViewDemoTests */,
			);
		};
/* End PBXProject section */

/* Begin PBXResourcesBuildPhase section */
		049DD9B31B2AC67100B6FC72 /* Resources */ = {
			isa = PBXResourcesBuildPhase;
			buildActionMask = 2147483647;
			files = (
				049DD9E41B2AC95500B6FC72 /* portrait.png in Resources */,
				049DD9C41B2AC67100B6FC72 /* Main.storyboard in Resources */,
				049DD9E21B2AC94600B6FC72 /* parallax.png in Resources */,
				049DD9C91B2AC67100B6FC72 /* LaunchScreen.xib in Resources */,
				049DD9C61B2AC67100B6FC72 /* Images.xcassets in Resources */,
			);
			runOnlyForDeploymentPostprocessing = 0;
		};
		049DD9CC1B2AC67100B6FC72 /* Resources */ = {
			isa = PBXResourcesBuildPhase;
			buildActionMask = 2147483647;
			files = (
			);
			runOnlyForDeploymentPostprocessing = 0;
		};
/* End PBXResourcesBuildPhase section */

/* Begin PBXSourcesBuildPhase section */
		049DD9B11B2AC67100B6FC72 /* Sources */ = {
			isa = PBXSourcesBuildPhase;
			buildActionMask = 2147483647;
			files = (
				049DD9C11B2AC67100B6FC72 /* ViewController.m in Sources */,
				049DD9BE1B2AC67100B6FC72 /* AppDelegate.m in Sources */,
				049DD9E01B2AC68900B6FC72 /* MRTableView.m in Sources */,
				049DD9BB1B2AC67100B6FC72 /* main.m in Sources */,
			);
			runOnlyForDeploymentPostprocessing = 0;
		};
		049DD9CA1B2AC67100B6FC72 /* Sources */ = {
			isa = PBXSourcesBuildPhase;
			buildActionMask = 2147483647;
			files = (
				049DD9D51B2AC67100B6FC72 /* MRTableViewDemoTests.m in Sources */,
			);
			runOnlyForDeploymentPostprocessing = 0;
		};
/* End PBXSourcesBuildPhase section */

/* Begin PBXTargetDependency section */
		049DD9D01B2AC67100B6FC72 /* PBXTargetDependency */ = {
			isa = PBXTargetDependency;
			target = 049DD9B41B2AC67100B6FC72 /* MRTableViewDemo */;
			targetProxy = 049DD9CF1B2AC67100B6FC72 /* PBXContainerItemProxy */;
		};
/* End PBXTargetDependency section */

/* Begin PBXVariantGroup section */
		049DD9C21B2AC67100B6FC72 /* Main.storyboard */ = {
			isa = PBXVariantGroup;
			children = (
				049DD9C31B2AC67100B6FC72 /* Base */,
			);
			name = Main.storyboard;
			sourceTree = "<group>";
		};
		049DD9C71B2AC67100B6FC72 /* LaunchScreen.xib */ = {
			isa = PBXVariantGroup;
			children = (
				049DD9C81B2AC67100B6FC72 /* Base */,
			);
			name = LaunchScreen.xib;
			sourceTree = "<group>";
		};
/* End PBXVariantGroup section */

/* Begin XCBuildConfiguration section */
		049DD9D61B2AC67100B6FC72 /* Debug */ = {
			isa = XCBuildConfiguration;
			buildSettings = {
				ALWAYS_SEARCH_USER_PATHS = NO;
				CLANG_CXX_LANGUAGE_STANDARD = "gnu++0x";
				CLANG_CXX_LIBRARY = "libc++";
				CLANG_ENABLE_MODULES = YES;
				CLANG_ENABLE_OBJC_ARC = YES;
				CLANG_WARN_BOOL_CONVERSION = YES;
				CLANG_WARN_CONSTANT_CONVERSION = YES;
				CLANG_WARN_DIRECT_OBJC_ISA_USAGE = YES_ERROR;
				CLANG_WARN_EMPTY_BODY = YES;
				CLANG_WARN_ENUM_CONVERSION = YES;
				CLANG_WARN_INT_CONVERSION = YES;
				CLANG_WARN_OBJC_ROOT_CLASS = YES_ERROR;
				CLANG_WARN_UNREACHABLE_CODE = YES;
				CLANG_WARN__DUPLICATE_METHOD_MATCH = YES;
				"CODE_SIGN_IDENTITY[sdk=iphoneos*]" = "iPhone Developer";
				COPY_PHASE_STRIP = NO;
				DEBUG_INFORMATION_FORMAT = "dwarf-with-dsym";
				ENABLE_STRICT_OBJC_MSGSEND = YES;
				GCC_C_LANGUAGE_STANDARD = gnu99;
				GCC_DYNAMIC_NO_PIC = NO;
				GCC_NO_COMMON_BLOCKS = YES;
				GCC_OPTIMIZATION_LEVEL = 0;
				GCC_PREPROCESSOR_DEFINITIONS = (
					"DEBUG=1",
					"$(inherited)",
				);
				GCC_SYMBOLS_PRIVATE_EXTERN = NO;
				GCC_WARN_64_TO_32_BIT_CONVERSION = YES;
				GCC_WARN_ABOUT_RETURN_TYPE = YES_ERROR;
				GCC_WARN_UNDECLARED_SELECTOR = YES;
				GCC_WARN_UNINITIALIZED_AUTOS = YES_AGGRESSIVE;
				GCC_WARN_UNUSED_FUNCTION = YES;
				GCC_WARN_UNUSED_VARIABLE = YES;
				IPHONEOS_DEPLOYMENT_TARGET = 8.3;
				MTL_ENABLE_DEBUG_INFO = YES;
				ONLY_ACTIVE_ARCH = YES;
				SDKROOT = iphoneos;
			};
			name = Debug;
		};
		049DD9D71B2AC67100B6FC72 /* Release */ = {
			isa = XCBuildConfiguration;
			buildSettings = {
				ALWAYS_SEARCH_USER_PATHS = NO;
				CLANG_CXX_LANGUAGE_STANDARD = "gnu++0x";
				CLANG_CXX_LIBRARY = "libc++";
				CLANG_ENABLE_MODULES = YES;
				CLANG_ENABLE_OBJC_ARC = YES;
				CLANG_WARN_BOOL_CONVERSION = YES;
				CLANG_WARN_CONSTANT_CONVERSION = YES;
				CLANG_WARN_DIRECT_OBJC_ISA_USAGE = YES_ERROR;
				CLANG_WARN_EMPTY_BODY = YES;
				CLANG_WARN_ENUM_CONVERSION = YES;
				CLANG_WARN_INT_CONVERSION = YES;
				CLANG_WARN_OBJC_ROOT_CLASS = YES_ERROR;
				CLANG_WARN_UNREACHABLE_CODE = YES;
				CLANG_WARN__DUPLICATE_METHOD_MATCH = YES;
				"CODE_SIGN_IDENTITY[sdk=iphoneos*]" = "iPhone Developer";
				COPY_PHASE_STRIP = NO;
				DEBUG_INFORMATION_FORMAT = "dwarf-with-dsym";
				ENABLE_NS_ASSERTIONS = NO;
				ENABLE_STRICT_OBJC_MSGSEND = YES;
				GCC_C_LANGUAGE_STANDARD = gnu99;
				GCC_NO_COMMON_BLOCKS = YES;
				GCC_WARN_64_TO_32_BIT_CONVERSION = YES;
				GCC_WARN_ABOUT_RETURN_TYPE = YES_ERROR;
				GCC_WARN_UNDECLARED_SELECTOR = YES;
				GCC_WARN_UNINITIALIZED_AUTOS = YES_AGGRESSIVE;
				GCC_WARN_UNUSED_FUNCTION = YES;
				GCC_WARN_UNUSED_VARIABLE = YES;
				IPHONEOS_DEPLOYMENT_TARGET = 8.3;
				MTL_ENABLE_DEBUG_INFO = NO;
				SDKROOT = iphoneos;
				VALIDATE_PRODUCT = YES;
			};
			name = Release;
		};
		049DD9D91B2AC67100B6FC72 /* Debug */ = {
			isa = XCBuildConfiguration;
			buildSettings = {
				ASSETCATALOG_COMPILER_APPICON_NAME = AppIcon;
				INFOPLIST_FILE = MRTableViewDemo/Info.plist;
				LD_RUNPATH_SEARCH_PATHS = "$(inherited) @executable_path/Frameworks";
				PRODUCT_NAME = "$(TARGET_NAME)";
			};
			name = Debug;
		};
		049DD9DA1B2AC67100B6FC72 /* Release */ = {
			isa = XCBuildConfiguration;
			buildSettings = {
				ASSETCATALOG_COMPILER_APPICON_NAME = AppIcon;
				INFOPLIST_FILE = MRTableViewDemo/Info.plist;
				LD_RUNPATH_SEARCH_PATHS = "$(inherited) @executable_path/Frameworks";
				PRODUCT_NAME = "$(TARGET_NAME)";
			};
			name = Release;
		};
		049DD9DC1B2AC67100B6FC72 /* Debug */ = {
			isa = XCBuildConfiguration;
			buildSettings = {
				BUNDLE_LOADER = "$(TEST_HOST)";
				FRAMEWORK_SEARCH_PATHS = (
					"$(SDKROOT)/Developer/Library/Frameworks",
					"$(inherited)",
				);
				GCC_PREPROCESSOR_DEFINITIONS = (
					"DEBUG=1",
					"$(inherited)",
				);
				INFOPLIST_FILE = MRTableViewDemoTests/Info.plist;
				LD_RUNPATH_SEARCH_PATHS = "$(inherited) @executable_path/Frameworks @loader_path/Frameworks";
				PRODUCT_NAME = "$(TARGET_NAME)";
				TEST_HOST = "$(BUILT_PRODUCTS_DIR)/MRTableViewDemo.app/MRTableViewDemo";
			};
			name = Debug;
		};
		049DD9DD1B2AC67100B6FC72 /* Release */ = {
			isa = XCBuildConfiguration;
			buildSettings = {
				BUNDLE_LOADER = "$(TEST_HOST)";
				FRAMEWORK_SEARCH_PATHS = (
					"$(SDKROOT)/Developer/Library/Frameworks",
					"$(inherited)",
				);
				INFOPLIST_FILE = MRTableViewDemoTests/Info.plist;
				LD_RUNPATH_SEARCH_PATHS = "$(inherited) @executable_path/Frameworks @loader_path/Frameworks";
				PRODUCT_NAME = "$(TARGET_NAME)";
				TEST_HOST = "$(BUILT_PRODUCTS_DIR)/MRTableViewDemo.app/MRTableViewDemo";
			};
			name = Release;
		};
/* End XCBuildConfiguration section */

/* Begin XCConfigurationList section */
		049DD9B01B2AC67100B6FC72 /* Build configuration list for PBXProject "MRTableViewDemo" */ = {
			isa = XCConfigurationList;
			buildConfigurations = (
				049DD9D61B2AC67100B6FC72 /* Debug */,
				049DD9D71B2AC67100B6FC72 /* Release */,
			);
			defaultConfigurationIsVisible = 0;
			defaultConfigurationName = Release;
		};
		049DD9D81B2AC67100B6FC72 /* Build configuration list for PBXNativeTarget "MRTableViewDemo" */ = {
			isa = XCConfigurationList;
			buildConfigurations = (
				049DD9D91B2AC67100B6FC72 /* Debug */,
				049DD9DA1B2AC67100B6FC72 /* Release */,
			);
			defaultConfigurationIsVisible = 0;
		};
		049DD9DB1B2AC67100B6FC72 /* Build configuration list for PBXNativeTarget "MRTableViewDemoTests" */ = {
			isa = XCConfigurationList;
			buildConfigurations = (
				049DD9DC1B2AC67100B6FC72 /* Debug */,
				049DD9DD1B2AC67100B6FC72 /* Release */,
			);
			defaultConfigurationIsVisible = 0;
		};
/* End XCConfigurationList section */
	};
	rootObject = 049DD9AD1B2AC67100B6FC72 /* Project object */;
}
